
Microsoft Visual Studio Solution File, Format Version 12.00
# Visual Studio Version 16
VisualStudioVersion = 16.0.31515.178
MinimumVisualStudioVersion = 10.0.40219.1
Project("{FAE04EC0-301F-11D3-BF4B-00C04F79EFBC}") = "Test", "Test\Test.csproj", "{193F141C-9EBF-4FB3-B244-65B65E891712}"
EndProject
Global
	GlobalSection(SolutionConfigurationPlatforms) = preSolution
		Debug|Any CPU = Debug|Any CPU
		Release|Any CPU = Release|Any CPU
	EndGlobalSection
	GlobalSection(ProjectConfigurationPlatforms) = postSolution
		{193F141C-9EBF-4FB3-B244-65B65E891712}.Debug|Any CPU.ActiveCfg = Debug|Any CPU
		{193F141C-9EBF-4FB3-B244-65B65E891712}.Debug|Any CPU.Build.0 = Debug|Any CPU
		{193F141C-9EBF-4FB3-B244-65B65E891712}.Release|Any CPU.ActiveCfg = Release|Any CPU
		{193F141C-9EBF-4FB3-B244-65B65E891712}.Release|Any CPU.Build.0 = Release|Any CPU
	EndGlobalSection
	GlobalSection(SolutionProperties) = preSolution
		HideSolutionNode = FALSE
	EndGlobalSection
	GlobalSection(ExtensibilityGlobals) = postSolution
		SolutionGuid = {B74217F7-616D-4FE4-8779-31FAA79C4795}
	EndGlobalSection
EndGlobal
